
Microsoft Visual Studio Solution File, Format Version 12.00
# Visual Studio Version 16
VisualStudioVersion = 16.0.29424.173
MinimumVisualStudioVersion = 10.0.40219.1
Project("{FAE04EC0-301F-11D3-BF4B-00C04F79EFBC}") = "WebAPI", "WebAPI\WebAPI.csproj", "{2ABA76DD-57D2-43D4-AFB0-976434044728}"
EndProject
Global
	GlobalSection(SolutionConfigurationPlatforms) = preSolution
		Debug|Any CPU = Debug|Any CPU
		Release|Any CPU = Release|Any CPU
	EndGlobalSection
	GlobalSection(ProjectConfigurationPlatforms) = postSolution
		{2ABA76DD-57D2-43D4-AFB0-976434044728}.Debug|Any CPU.ActiveCfg = Debug|Any CPU
		{2ABA76DD-57D2-43D4-AFB0-976434044728}.Debug|Any CPU.Build.0 = Debug|Any CPU
		{2ABA76DD-57D2-43D4-AFB0-976434044728}.Release|Any CPU.ActiveCfg = Release|Any CPU
		{2ABA76DD-57D2-43D4-AFB0-976434044728}.Release|Any CPU.Build.0 = Release|Any CPU
	EndGlobalSection
	GlobalSection(SolutionProperties) = preSolution
		HideSolutionNode = FALSE
	EndGlobalSection
	GlobalSection(ExtensibilityGlobals) = postSolution
		SolutionGuid = {4FC9B90C-5B18-47A4-A21A-019AAB850EF2}
	EndGlobalSection
	GlobalSection(TeamFoundationVersionControl) = preSolution
		SccNumberOfProjects = 2
		SccEnterpriseProvider = {4CA58AB2-18FA-4F8D-95D4-32DDF27D184C}
		SccTeamFoundationServer = https://dev.azure.com/muskusama980075
		SccLocalPath0 = .
		SccProjectUniqueName1 = WebAPI\\WebAPI.csproj
		SccProjectName1 = WebAPI
		SccLocalPath1 = WebAPI
	EndGlobalSection
EndGlobal
